
Microsoft Visual Studio Solution File, Format Version 12.00
# Visual Studio Version 16
VisualStudioVersion = 16.0.32002.261
MinimumVisualStudioVersion = 10.0.40219.1
Project("{FAE04EC0-301F-11D3-BF4B-00C04F79EFBC}") = "RUAP", "RUAP.csproj", "{9284EA2F-81A9-4284-9109-C4956985E7E0}"
EndProject
Global
	GlobalSection(SolutionConfigurationPlatforms) = preSolution
		Debug|Any CPU = Debug|Any CPU
		Release|Any CPU = Release|Any CPU
	EndGlobalSection
	GlobalSection(ProjectConfigurationPlatforms) = postSolution
		{9284EA2F-81A9-4284-9109-C4956985E7E0}.Debug|Any CPU.ActiveCfg = Debug|Any CPU
		{9284EA2F-81A9-4284-9109-C4956985E7E0}.Debug|Any CPU.Build.0 = Debug|Any CPU
		{9284EA2F-81A9-4284-9109-C4956985E7E0}.Release|Any CPU.ActiveCfg = Release|Any CPU
		{9284EA2F-81A9-4284-9109-C4956985E7E0}.Release|Any CPU.Build.0 = Release|Any CPU
	EndGlobalSection
	GlobalSection(SolutionProperties) = preSolution
		HideSolutionNode = FALSE
	EndGlobalSection
	GlobalSection(ExtensibilityGlobals) = postSolution
		SolutionGuid = {1E8561B3-DFC3-4271-9699-4D961718C979}
	EndGlobalSection
EndGlobal
