
Microsoft Visual Studio Solution File, Format Version 12.00
# Visual Studio Version 16
VisualStudioVersion = 16.0.32106.194
MinimumVisualStudioVersion = 10.0.40219.1
Project("{FAE04EC0-301F-11D3-BF4B-00C04F79EFBC}") = "WindowsFormsAppRuap", "WindowsFormsAppRuap.csproj", "{A112CE46-4932-4056-85A1-F134271A8916}"
EndProject
Global
	GlobalSection(SolutionConfigurationPlatforms) = preSolution
		Debug|Any CPU = Debug|Any CPU
		Release|Any CPU = Release|Any CPU
	EndGlobalSection
	GlobalSection(ProjectConfigurationPlatforms) = postSolution
		{A112CE46-4932-4056-85A1-F134271A8916}.Debug|Any CPU.ActiveCfg = Debug|Any CPU
		{A112CE46-4932-4056-85A1-F134271A8916}.Debug|Any CPU.Build.0 = Debug|Any CPU
		{A112CE46-4932-4056-85A1-F134271A8916}.Release|Any CPU.ActiveCfg = Release|Any CPU
		{A112CE46-4932-4056-85A1-F134271A8916}.Release|Any CPU.Build.0 = Release|Any CPU
	EndGlobalSection
	GlobalSection(SolutionProperties) = preSolution
		HideSolutionNode = FALSE
	EndGlobalSection
	GlobalSection(ExtensibilityGlobals) = postSolution
		SolutionGuid = {246FA988-E0C3-414B-9549-46DA6BFF38A7}
	EndGlobalSection
EndGlobal
